{
  "name": "Real Projects",
  "lockfileVersion": 3,
  "requires": true,
  "packages": {
    "": {
      "dependencies": {
        "timeUtils": "^2.0.0"
      }
    },
    "node_modules/timeUtils": {
      "version": "2.0.0",
      "resolved": "https://registry.npmjs.org/timeUtils/-/timeUtils-2.0.0.tgz",
      "integrity": "sha512-rk1y/5ix4HczK3q4caEvo2iIhgRIHL6g85sX2rPNse8sKUATzYEAX1jAYYsW139aAcn1b24jV4By0SLmosQVyA==",
      "license": "BSD-2-Clause"
    }
  }
}
